
Microsoft Visual Studio Solution File, Format Version 12.00
# Visual Studio Version 17
VisualStudioVersion = 17.11.35327.3
MinimumVisualStudioVersion = 10.0.40219.1
Project("{FAE04EC0-301F-11D3-BF4B-00C04F79EFBC}") = "Mediaplayer", "Mediaplayer.csproj", "{6E770584-7AAB-43CA-AB7D-789F2718E58A}"
EndProject
Global
	GlobalSection(SolutionConfigurationPlatforms) = preSolution
		Debug|Any CPU = Debug|Any CPU
		Release|Any CPU = Release|Any CPU
	EndGlobalSection
	GlobalSection(ProjectConfigurationPlatforms) = postSolution
		{6E770584-7AAB-43CA-AB7D-789F2718E58A}.Debug|Any CPU.ActiveCfg = Debug|Any CPU
		{6E770584-7AAB-43CA-AB7D-789F2718E58A}.Debug|Any CPU.Build.0 = Debug|Any CPU
		{6E770584-7AAB-43CA-AB7D-789F2718E58A}.Release|Any CPU.ActiveCfg = Release|Any CPU
		{6E770584-7AAB-43CA-AB7D-789F2718E58A}.Release|Any CPU.Build.0 = Release|Any CPU
	EndGlobalSection
	GlobalSection(SolutionProperties) = preSolution
		HideSolutionNode = FALSE
	EndGlobalSection
	GlobalSection(ExtensibilityGlobals) = postSolution
		SolutionGuid = {654FBF3C-085B-4B09-A748-7301AC2ABB78}
	EndGlobalSection
EndGlobal
